// !$*UTF8*$!
{
	archiveVersion = 1;
	classes = {
	};
	objectVersion = 46;
	objects = {

/* Begin PBXBuildFile section */
		D03358B919D9D57A00E5B2B9 /* AppDelegate.swift in Sources */ = {isa = PBXBuildFile; fileRef = D03358B819D9D57A00E5B2B9 /* AppDelegate.swift */; };
		D03358BB19D9D57A00E5B2B9 /* ViewController.swift in Sources */ = {isa = PBXBuildFile; fileRef = D03358BA19D9D57A00E5B2B9 /* ViewController.swift */; };
		D03358BE19D9D57A00E5B2B9 /* Main.storyboard in Resources */ = {isa = PBXBuildFile; fileRef = D03358BC19D9D57A00E5B2B9 /* Main.storyboard */; };
		D03358C019D9D57A00E5B2B9 /* Images.xcassets in Resources */ = {isa = PBXBuildFile; fileRef = D03358BF19D9D57A00E5B2B9 /* Images.xcassets */; };
		D03358C319D9D57A00E5B2B9 /* LaunchScreen.xib in Resources */ = {isa = PBXBuildFile; fileRef = D03358C119D9D57A00E5B2B9 /* LaunchScreen.xib */; };
		D03358CF19D9D57A00E5B2B9 /* tableViewDemoTests.swift in Sources */ = {isa = PBXBuildFile; fileRef = D03358CE19D9D57A00E5B2B9 /* tableViewDemoTests.swift */; };
		D03358D919D9D81400E5B2B9 /* UserCell.swift in Sources */ = {isa = PBXBuildFile; fileRef = D03358D819D9D81400E5B2B9 /* UserCell.swift */; };
/* End PBXBuildFile section */

/* Begin PBXContainerItemProxy section */
		D03358C919D9D57A00E5B2B9 /* PBXContainerItemProxy */ = {
			isa = PBXContainerItemProxy;
			containerPortal = D03358AB19D9D57A00E5B2B9 /* Project object */;
			proxyType = 1;
			remoteGlobalIDString = D03358B219D9D57A00E5B2B9;
			remoteInfo = tableViewDemo;
		};
/* End PBXContainerItemProxy section */

/* Begin PBXFileReference section */
		D03358B319D9D57A00E5B2B9 /* tableViewDemo.app */ = {isa = PBXFileReference; explicitFileType = wrapper.application; includeInIndex = 0; path = tableViewDemo.app; sourceTree = BUILT_PRODUCTS_DIR; };
		D03358B719D9D57A00E5B2B9 /* Info.plist */ = {isa = PBXFileReference; lastKnownFileType = text.plist.xml; path = Info.plist; sourceTree = "<group>"; };
		D03358B819D9D57A00E5B2B9 /* AppDelegate.swift */ = {isa = PBXFileReference; lastKnownFileType = sourcecode.swift; path = AppDelegate.swift; sourceTree = "<group>"; };
		D03358BA19D9D57A00E5B2B9 /* ViewController.swift */ = {isa = PBXFileReference; lastKnownFileType = sourcecode.swift; path = ViewController.swift; sourceTree = "<group>"; };
		D03358BD19D9D57A00E5B2B9 /* Base */ = {isa = PBXFileReference; lastKnownFileType = file.storyboard; name = Base; path = Base.lproj/Main.storyboard; sourceTree = "<group>"; };
		D03358BF19D9D57A00E5B2B9 /* Images.xcassets */ = {isa = PBXFileReference; lastKnownFileType = folder.assetcatalog; path = Images.xcassets; sourceTree = "<group>"; };
		D03358C219D9D57A00E5B2B9 /* Base */ = {isa = PBXFileReference; lastKnownFileType = file.xib; name = Base; path = Base.lproj/LaunchScreen.xib; sourceTree = "<group>"; };
		D03358C819D9D57A00E5B2B9 /* tableViewDemoTests.xctest */ = {isa = PBXFileReference; explicitFileType = wrapper.cfbundle; includeInIndex = 0; path = tableViewDemoTests.xctest; sourceTree = BUILT_PRODUCTS_DIR; };
		D03358CD19D9D57A00E5B2B9 /* Info.plist */ = {isa = PBXFileReference; lastKnownFileType = text.plist.xml; path = Info.plist; sourceTree = "<group>"; };
		D03358CE19D9D57A00E5B2B9 /* tableViewDemoTests.swift */ = {isa = PBXFileReference; lastKnownFileType = sourcecode.swift; path = tableViewDemoTests.swift; sourceTree = "<group>"; };
		D03358D819D9D81400E5B2B9 /* UserCell.swift */ = {isa = PBXFileReference; fileEncoding = 4; lastKnownFileType = sourcecode.swift; path = UserCell.swift; sourceTree = "<group>"; };
/* End PBXFileReference section */

/* Begin PBXFrameworksBuildPhase section */
		D03358B019D9D57A00E5B2B9 /* Frameworks */ = {
			isa = PBXFrameworksBuildPhase;
			buildActionMask = 2147483647;
			files = (
			);
			runOnlyForDeploymentPostprocessing = 0;
		};
		D03358C519D9D57A00E5B2B9 /* Frameworks */ = {
			isa = PBXFrameworksBuildPhase;
			buildActionMask = 2147483647;
			files = (
			);
			runOnlyForDeploymentPostprocessing = 0;
		};
/* End PBXFrameworksBuildPhase section */

/* Begin PBXGroup section */
		D03358AA19D9D57A00E5B2B9 = {
			isa = PBXGroup;
			children = (
				D03358B519D9D57A00E5B2B9 /* tableViewDemo */,
				D03358CB19D9D57A00E5B2B9 /* tableViewDemoTests */,
				D03358B419D9D57A00E5B2B9 /* Products */,
			);
			sourceTree = "<group>";
		};
		D03358B419D9D57A00E5B2B9 /* Products */ = {
			isa = PBXGroup;
			children = (
				D03358B319D9D57A00E5B2B9 /* tableViewDemo.app */,
				D03358C819D9D57A00E5B2B9 /* tableViewDemoTests.xctest */,
			);
			name = Products;
			sourceTree = "<group>";
		};
		D03358B519D9D57A00E5B2B9 /* tableViewDemo */ = {
			isa = PBXGroup;
			children = (
				D03358D819D9D81400E5B2B9 /* UserCell.swift */,
				D03358BA19D9D57A00E5B2B9 /* ViewController.swift */,
				D03358BC19D9D57A00E5B2B9 /* Main.storyboard */,
				D03358B819D9D57A00E5B2B9 /* AppDelegate.swift */,
				D03358BF19D9D57A00E5B2B9 /* Images.xcassets */,
				D03358C119D9D57A00E5B2B9 /* LaunchScreen.xib */,
				D03358B619D9D57A00E5B2B9 /* Supporting Files */,
			);
			path = tableViewDemo;
			sourceTree = "<group>";
		};
		D03358B619D9D57A00E5B2B9 /* Supporting Files */ = {
			isa = PBXGroup;
			children = (
				D03358B719D9D57A00E5B2B9 /* Info.plist */,
			);
			name = "Supporting Files";
			sourceTree = "<group>";
		};
		D03358CB19D9D57A00E5B2B9 /* tableViewDemoTests */ = {
			isa = PBXGroup;
			children = (
				D03358CE19D9D57A00E5B2B9 /* tableViewDemoTests.swift */,
				D03358CC19D9D57A00E5B2B9 /* Supporting Files */,
			);
			path = tableViewDemoTests;
			sourceTree = "<group>";
		};
		D03358CC19D9D57A00E5B2B9 /* Supporting Files */ = {
			isa = PBXGroup;
			children = (
				D03358CD19D9D57A00E5B2B9 /* Info.plist */,
			);
			name = "Supporting Files";
			sourceTree = "<group>";
		};
/* End PBXGroup section */

/* Begin PBXNativeTarget section */
		D03358B219D9D57A00E5B2B9 /* tableViewDemo */ = {
			isa = PBXNativeTarget;
			buildConfigurationList = D03358D219D9D57A00E5B2B9 /* Build configuration list for PBXNativeTarget "tableViewDemo" */;
			buildPhases = (
				D03358AF19D9D57A00E5B2B9 /* Sources */,
				D03358B019D9D57A00E5B2B9 /* Frameworks */,
				D03358B119D9D57A00E5B2B9 /* Resources */,
			);
			buildRules = (
			);
			dependencies = (
			);
			name = tableViewDemo;
			productName = tableViewDemo;
			productReference = D03358B319D9D57A00E5B2B9 /* tableViewDemo.app */;
			productType = "com.apple.product-type.application";
		};
		D03358C719D9D57A00E5B2B9 /* tableViewDemoTests */ = {
			isa = PBXNativeTarget;
			buildConfigurationList = D03358D519D9D57A00E5B2B9 /* Build configuration list for PBXNativeTarget "tableViewDemoTests" */;
			buildPhases = (
				D03358C419D9D57A00E5B2B9 /* Sources */,
				D03358C519D9D57A00E5B2B9 /* Frameworks */,
				D03358C619D9D57A00E5B2B9 /* Resources */,
			);
			buildRules = (
			);
			dependencies = (
				D03358CA19D9D57A00E5B2B9 /* PBXTargetDependency */,
			);
			name = tableViewDemoTests;
			productName = tableViewDemoTests;
			productReference = D03358C819D9D57A00E5B2B9 /* tableViewDemoTests.xctest */;
			productType = "com.apple.product-type.bundle.unit-test";
		};
/* End PBXNativeTarget section */

/* Begin PBXProject section */
		D03358AB19D9D57A00E5B2B9 /* Project object */ = {
			isa = PBXProject;
			attributes = {
				LastUpgradeCheck = 0600;
				ORGANIZATIONNAME = "Blue Lotus Labs";
				TargetAttributes = {
					D03358B219D9D57A00E5B2B9 = {
						CreatedOnToolsVersion = 6.0.1;
					};
					D03358C719D9D57A00E5B2B9 = {
						CreatedOnToolsVersion = 6.0.1;
						TestTargetID = D03358B219D9D57A00E5B2B9;
					};
				};
			};
			buildConfigurationList = D03358AE19D9D57A00E5B2B9 /* Build configuration list for PBXProject "tableViewDemo" */;
			compatibilityVersion = "Xcode 3.2";
			developmentRegion = English;
			hasScannedForEncodings = 0;
			knownRegions = (
				en,
				Base,
			);
			mainGroup = D03358AA19D9D57A00E5B2B9;
			productRefGroup = D03358B419D9D57A00E5B2B9 /* Products */;
			projectDirPath = "";
			projectRoot = "";
			targets = (
				D03358B219D9D57A00E5B2B9 /* tableViewDemo */,
				D03358C719D9D57A00E5B2B9 /* tableViewDemoTests */,
			);
		};
/* End PBXProject section */

/* Begin PBXResourcesBuildPhase section */
		D03358B119D9D57A00E5B2B9 /* Resources */ = {
			isa = PBXResourcesBuildPhase;
			buildActionMask = 2147483647;
			files = (
				D03358BE19D9D57A00E5B2B9 /* Main.storyboard in Resources */,
				D03358C319D9D57A00E5B2B9 /* LaunchScreen.xib in Resources */,
				D03358C019D9D57A00E5B2B9 /* Images.xcassets in Resources */,
			);
			runOnlyForDeploymentPostprocessing = 0;
		};
		D03358C619D9D57A00E5B2B9 /* Resources */ = {
			isa = PBXResourcesBuildPhase;
			buildActionMask = 2147483647;
			files = (
			);
			runOnlyForDeploymentPostprocessing = 0;
		};
/* End PBXResourcesBuildPhase section */

/* Begin PBXSourcesBuildPhase section */
		D03358AF19D9D57A00E5B2B9 /* Sources */ = {
			isa = PBXSourcesBuildPhase;
			buildActionMask = 2147483647;
			files = (
				D03358BB19D9D57A00E5B2B9 /* ViewController.swift in Sources */,
				D03358B919D9D57A00E5B2B9 /* AppDelegate.swift in Sources */,
				D03358D919D9D81400E5B2B9 /* UserCell.swift in Sources */,
			);
			runOnlyForDeploymentPostprocessing = 0;
		};
		D03358C419D9D57A00E5B2B9 /* Sources */ = {
			isa = PBXSourcesBuildPhase;
			buildActionMask = 2147483647;
			files = (
				D03358CF19D9D57A00E5B2B9 /* tableViewDemoTests.swift in Sources */,
			);
			runOnlyForDeploymentPostprocessing = 0;
		};
/* End PBXSourcesBuildPhase section */

/* Begin PBXTargetDependency section */
		D03358CA19D9D57A00E5B2B9 /* PBXTargetDependency */ = {
			isa = PBXTargetDependency;
			target = D03358B219D9D57A00E5B2B9 /* tableViewDemo */;
			targetProxy = D03358C919D9D57A00E5B2B9 /* PBXContainerItemProxy */;
		};
/* End PBXTargetDependency section */

/* Begin PBXVariantGroup section */
		D03358BC19D9D57A00E5B2B9 /* Main.storyboard */ = {
			isa = PBXVariantGroup;
			children = (
				D03358BD19D9D57A00E5B2B9 /* Base */,
			);
			name = Main.storyboard;
			sourceTree = "<group>";
		};
		D03358C119D9D57A00E5B2B9 /* LaunchScreen.xib */ = {
			isa = PBXVariantGroup;
			children = (
				D03358C219D9D57A00E5B2B9 /* Base */,
			);
			name = LaunchScreen.xib;
			sourceTree = "<group>";
		};
/* End PBXVariantGroup section */

/* Begin XCBuildConfiguration section */
		D03358D019D9D57A00E5B2B9 /* Debug */ = {
			isa = XCBuildConfiguration;
			buildSettings = {
				ALWAYS_SEARCH_USER_PATHS = NO;
				CLANG_CXX_LANGUAGE_STANDARD = "gnu++0x";
				CLANG_CXX_LIBRARY = "libc++";
				CLANG_ENABLE_MODULES = YES;
				CLANG_ENABLE_OBJC_ARC = YES;
				CLANG_WARN_BOOL_CONVERSION = YES;
				CLANG_WARN_CONSTANT_CONVERSION = YES;
				CLANG_WARN_DIRECT_OBJC_ISA_USAGE = YES_ERROR;
				CLANG_WARN_EMPTY_BODY = YES;
				CLANG_WARN_ENUM_CONVERSION = YES;
				CLANG_WARN_INT_CONVERSION = YES;
				CLANG_WARN_OBJC_ROOT_CLASS = YES_ERROR;
				CLANG_WARN_UNREACHABLE_CODE = YES;
				CLANG_WARN__DUPLICATE_METHOD_MATCH = YES;
				"CODE_SIGN_IDENTITY[sdk=iphoneos*]" = "iPhone Developer";
				COPY_PHASE_STRIP = NO;
				ENABLE_STRICT_OBJC_MSGSEND = YES;
				GCC_C_LANGUAGE_STANDARD = gnu99;
				GCC_DYNAMIC_NO_PIC = NO;
				GCC_OPTIMIZATION_LEVEL = 0;
				GCC_PREPROCESSOR_DEFINITIONS = (
					"DEBUG=1",
					"$(inherited)",
				);
				GCC_SYMBOLS_PRIVATE_EXTERN = NO;
				GCC_WARN_64_TO_32_BIT_CONVERSION = YES;
				GCC_WARN_ABOUT_RETURN_TYPE = YES_ERROR;
				GCC_WARN_UNDECLARED_SELECTOR = YES;
				GCC_WARN_UNINITIALIZED_AUTOS = YES_AGGRESSIVE;
				GCC_WARN_UNUSED_FUNCTION = YES;
				GCC_WARN_UNUSED_VARIABLE = YES;
				IPHONEOS_DEPLOYMENT_TARGET = 8.0;
				MTL_ENABLE_DEBUG_INFO = YES;
				ONLY_ACTIVE_ARCH = YES;
				SDKROOT = iphoneos;
				SWIFT_OPTIMIZATION_LEVEL = "-Onone";
			};
			name = Debug;
		};
		D03358D119D9D57A00E5B2B9 /* Release */ = {
			isa = XCBuildConfiguration;
			buildSettings = {
				ALWAYS_SEARCH_USER_PATHS = NO;
				CLANG_CXX_LANGUAGE_STANDARD = "gnu++0x";
				CLANG_CXX_LIBRARY = "libc++";
				CLANG_ENABLE_MODULES = YES;
				CLANG_ENABLE_OBJC_ARC = YES;
				CLANG_WARN_BOOL_CONVERSION = YES;
				CLANG_WARN_CONSTANT_CONVERSION = YES;
				CLANG_WARN_DIRECT_OBJC_ISA_USAGE = YES_ERROR;
				CLANG_WARN_EMPTY_BODY = YES;
				CLANG_WARN_ENUM_CONVERSION = YES;
				CLANG_WARN_INT_CONVERSION = YES;
				CLANG_WARN_OBJC_ROOT_CLASS = YES_ERROR;
				CLANG_WARN_UNREACHABLE_CODE = YES;
				CLANG_WARN__DUPLICATE_METHOD_MATCH = YES;
				"CODE_SIGN_IDENTITY[sdk=iphoneos*]" = "iPhone Developer";
				COPY_PHASE_STRIP = YES;
				ENABLE_NS_ASSERTIONS = NO;
				ENABLE_STRICT_OBJC_MSGSEND = YES;
				GCC_C_LANGUAGE_STANDARD = gnu99;
				GCC_WARN_64_TO_32_BIT_CONVERSION = YES;
				GCC_WARN_ABOUT_RETURN_TYPE = YES_ERROR;
				GCC_WARN_UNDECLARED_SELECTOR = YES;
				GCC_WARN_UNINITIALIZED_AUTOS = YES_AGGRESSIVE;
				GCC_WARN_UNUSED_FUNCTION = YES;
				GCC_WARN_UNUSED_VARIABLE = YES;
				IPHONEOS_DEPLOYMENT_TARGET = 8.0;
				MTL_ENABLE_DEBUG_INFO = NO;
				SDKROOT = iphoneos;
				VALIDATE_PRODUCT = YES;
			};
			name = Release;
		};
		D03358D319D9D57A00E5B2B9 /* Debug */ = {
			isa = XCBuildConfiguration;
			buildSettings = {
				ASSETCATALOG_COMPILER_APPICON_NAME = AppIcon;
				INFOPLIST_FILE = tableViewDemo/Info.plist;
				IPHONEOS_DEPLOYMENT_TARGET = 7.0;
				LD_RUNPATH_SEARCH_PATHS = "$(inherited) @executable_path/Frameworks";
				PRODUCT_NAME = "$(TARGET_NAME)";
			};
			name = Debug;
		};
		D03358D419D9D57A00E5B2B9 /* Release */ = {
			isa = XCBuildConfiguration;
			buildSettings = {
				ASSETCATALOG_COMPILER_APPICON_NAME = AppIcon;
				INFOPLIST_FILE = tableViewDemo/Info.plist;
				IPHONEOS_DEPLOYMENT_TARGET = 7.0;
				LD_RUNPATH_SEARCH_PATHS = "$(inherited) @executable_path/Frameworks";
				PRODUCT_NAME = "$(TARGET_NAME)";
			};
			name = Release;
		};
		D03358D619D9D57A00E5B2B9 /* Debug */ = {
			isa = XCBuildConfiguration;
			buildSettings = {
				BUNDLE_LOADER = "$(TEST_HOST)";
				FRAMEWORK_SEARCH_PATHS = (
					"$(SDKROOT)/Developer/Library/Frameworks",
					"$(inherited)",
				);
				GCC_PREPROCESSOR_DEFINITIONS = (
					"DEBUG=1",
					"$(inherited)",
				);
				INFOPLIST_FILE = tableViewDemoTests/Info.plist;
				LD_RUNPATH_SEARCH_PATHS = "$(inherited) @executable_path/Frameworks @loader_path/Frameworks";
				PRODUCT_NAME = "$(TARGET_NAME)";
				TEST_HOST = "$(BUILT_PRODUCTS_DIR)/tableViewDemo.app/tableViewDemo";
			};
			name = Debug;
		};
		D03358D719D9D57A00E5B2B9 /* Release */ = {
			isa = XCBuildConfiguration;
			buildSettings = {
				BUNDLE_LOADER = "$(TEST_HOST)";
				FRAMEWORK_SEARCH_PATHS = (
					"$(SDKROOT)/Developer/Library/Frameworks",
					"$(inherited)",
				);
				INFOPLIST_FILE = tableViewDemoTests/Info.plist;
				LD_RUNPATH_SEARCH_PATHS = "$(inherited) @executable_path/Frameworks @loader_path/Frameworks";
				PRODUCT_NAME = "$(TARGET_NAME)";
				TEST_HOST = "$(BUILT_PRODUCTS_DIR)/tableViewDemo.app/tableViewDemo";
			};
			name = Release;
		};
/* End XCBuildConfiguration section */

/* Begin XCConfigurationList section */
		D03358AE19D9D57A00E5B2B9 /* Build configuration list for PBXProject "tableViewDemo" */ = {
			isa = XCConfigurationList;
			buildConfigurations = (
				D03358D019D9D57A00E5B2B9 /* Debug */,
				D03358D119D9D57A00E5B2B9 /* Release */,
			);
			defaultConfigurationIsVisible = 0;
			defaultConfigurationName = Release;
		};
		D03358D219D9D57A00E5B2B9 /* Build configuration list for PBXNativeTarget "tableViewDemo" */ = {
			isa = XCConfigurationList;
			buildConfigurations = (
				D03358D319D9D57A00E5B2B9 /* Debug */,
				D03358D419D9D57A00E5B2B9 /* Release */,
			);
			defaultConfigurationIsVisible = 0;
		};
		D03358D519D9D57A00E5B2B9 /* Build configuration list for PBXNativeTarget "tableViewDemoTests" */ = {
			isa = XCConfigurationList;
			buildConfigurations = (
				D03358D619D9D57A00E5B2B9 /* Debug */,
				D03358D719D9D57A00E5B2B9 /* Release */,
			);
			defaultConfigurationIsVisible = 0;
		};
/* End XCConfigurationList section */
	};
	rootObject = D03358AB19D9D57A00E5B2B9 /* Project object */;
}
